// !$*UTF8*$!
{
	archiveVersion = 1;
	classes = {
	};
	objectVersion = 52;
	objects = {

/* Begin PBXBuildFile section */
		3786A211260BB8040003ECCF /* triangle.vert in Sources */ = {isa = PBXBuildFile; fileRef = 37C4644726013D550018E3F8 /* triangle.vert */; };
		3786A212260BB8040003ECCF /* test.frag in Sources */ = {isa = PBXBuildFile; fileRef = 37C4644926013D880018E3F8 /* test.frag */; };
		3786A213260BB8040003ECCF /* main.cpp in Sources */ = {isa = PBXBuildFile; fileRef = 37C4641625FFD9980018E3F8 /* main.cpp */; };
		3786A217260BB8040003ECCF /* swapchain.cpp in Sources */ = {isa = PBXBuildFile; fileRef = 3786A1E42607A6470003ECCF /* swapchain.cpp */; };
		3786A219260BB8040003ECCF /* rendering.cpp in Sources */ = {isa = PBXBuildFile; fileRef = 3786A1E72607A6520003ECCF /* rendering.cpp */; };
		3786A21B260BB8040003ECCF /* stb.c in Sources */ = {isa = PBXBuildFile; fileRef = 3786A1ED260B6BD40003ECCF /* stb.c */; };
		3786A21D260BB8120003ECCF /* Cocoa.framework in Frameworks */ = {isa = PBXBuildFile; fileRef = 37C4642525FFDC270018E3F8 /* Cocoa.framework */; };
		3786A21E260BB8170003ECCF /* IOKit.framework in Frameworks */ = {isa = PBXBuildFile; fileRef = 37C4642725FFDC2F0018E3F8 /* IOKit.framework */; };
		3786A221260BB8280003ECCF /* libglfw3.a in Frameworks */ = {isa = PBXBuildFile; fileRef = 37C4642025FFDB190018E3F8 /* libglfw3.a */; };
		3786A23B260BC4F20003ECCF /* vulkan in Resources */ = {isa = PBXBuildFile; fileRef = 37C4644225FFE95E0018E3F8 /* vulkan */; };
		3786A23D260BC4F70003ECCF /* libvulkan.1.2.170.dylib in Frameworks */ = {isa = PBXBuildFile; fileRef = 37C4643A25FFE7E30018E3F8 /* libvulkan.1.2.170.dylib */; };
		3786A241260BC5110003ECCF /* libMoltenVK.dylib in Embed Libraries */ = {isa = PBXBuildFile; fileRef = 37C4643E25FFE8700018E3F8 /* libMoltenVK.dylib */; settings = {ATTRIBUTES = (CodeSignOnCopy, ); }; };
		3786A246260BC6380003ECCF /* libVkLayer_khronos_validation.dylib in Embed Libraries */ = {isa = PBXBuildFile; fileRef = 3786A245260BC6290003ECCF /* libVkLayer_khronos_validation.dylib */; settings = {ATTRIBUTES = (CodeSignOnCopy, ); }; };
		3786A248260BCD300003ECCF /* Textures in Resources */ = {isa = PBXBuildFile; fileRef = 3786A247260BCD300003ECCF /* Textures */; };
		3786A256260CEEEA0003ECCF /* gltf.proto in Sources */ = {isa = PBXBuildFile; fileRef = 3786A251260CEBEF0003ECCF /* gltf.proto */; };
		3786A25B260CF2C80003ECCF /* libprotobuf.a in Frameworks */ = {isa = PBXBuildFile; fileRef = 3786A25A260CF2C70003ECCF /* libprotobuf.a */; };
		3786A25D260CF39A0003ECCF /* models in Resources */ = {isa = PBXBuildFile; fileRef = 3786A25C260CF39A0003ECCF /* models */; };
		3788D0B32614C654007D9E0F /* mikktspace.cpp in Sources */ = {isa = PBXBuildFile; fileRef = 3788D0B12614C58F007D9E0F /* mikktspace.cpp */; };
		37BC997E260D2253006CF9C6 /* gltf.cpp in Sources */ = {isa = PBXBuildFile; fileRef = 37BC997D260D2253006CF9C6 /* gltf.cpp */; };
		37EC2E252619F9C4009DA14A /* drawdata.cpp in Sources */ = {isa = PBXBuildFile; fileRef = 37EC2E222619F89E009DA14A /* drawdata.cpp */; };
		37EC2E262619FA36009DA14A /* driver.cpp in Sources */ = {isa = PBXBuildFile; fileRef = 3786A1E02607A57B0003ECCF /* driver.cpp */; };
/* End PBXBuildFile section */

/* Begin PBXBuildRule section */
		3786A227260BB8520003ECCF /* PBXBuildRule */ = {
			isa = PBXBuildRule;
			compilerSpec = com.apple.compilers.proxy.script;
			filePatterns = "*.vert *.frag";
			fileType = pattern.proxy;
			inputFiles = (
			);
			isEditable = 1;
			outputFiles = (
				$TARGET_BUILD_DIR/$CONTENTS_FOLDER_PATH/Resources/$INPUT_FILE_NAME,
			);
			runOncePerArchitecture = 0;
			script = "\"$PROJECT_DIR/Bin/glslc\" \"$INPUT_FILE_DIR/$INPUT_FILE_NAME\" -o \"$TARGET_BUILD_DIR/$CONTENTS_FOLDER_PATH/Resources/$INPUT_FILE_NAME\"\n\n";
		};
		3786A255260CED870003ECCF /* PBXBuildRule */ = {
			isa = PBXBuildRule;
			compilerSpec = com.apple.compilers.proxy.script;
			filePatterns = "*.proto";
			fileType = pattern.proxy;
			inputFiles = (
			);
			isEditable = 1;
			outputFiles = (
				"$(DERIVED_FILE_DIR)/$(INPUT_FILE_BASE).pb.h",
				"$(DERIVED_FILE_DIR)/$(INPUT_FILE_BASE).pb.cc",
			);
			runOncePerArchitecture = 0;
			script = "\"$PROJECT_DIR/Bin/protoc\" \"--proto_path=$INPUT_FILE_DIR\" \"--cpp_out=$DERIVED_FILE_DIR\" \"$INPUT_FILE_DIR/$INPUT_FILE_NAME\"\n\n";
		};
/* End PBXBuildRule section */

/* Begin PBXCopyFilesBuildPhase section */
		3786A23F260BC50B0003ECCF /* Embed Libraries */ = {
			isa = PBXCopyFilesBuildPhase;
			buildActionMask = 2147483647;
			dstPath = "";
			dstSubfolderSpec = 10;
			files = (
				3786A241260BC5110003ECCF /* libMoltenVK.dylib in Embed Libraries */,
				3786A246260BC6380003ECCF /* libVkLayer_khronos_validation.dylib in Embed Libraries */,
			);
			name = "Embed Libraries";
			runOnlyForDeploymentPostprocessing = 0;
		};
/* End PBXCopyFilesBuildPhase section */

/* Begin PBXFileReference section */
		3786A1E02607A57B0003ECCF /* driver.cpp */ = {isa = PBXFileReference; lastKnownFileType = sourcecode.cpp.cpp; path = driver.cpp; sourceTree = "<group>"; };
		3786A1E12607A57B0003ECCF /* driver.hpp */ = {isa = PBXFileReference; lastKnownFileType = sourcecode.cpp.h; path = driver.hpp; sourceTree = "<group>"; };
		3786A1E32607A5D80003ECCF /* util.hpp */ = {isa = PBXFileReference; lastKnownFileType = sourcecode.cpp.h; path = util.hpp; sourceTree = "<group>"; };
		3786A1E42607A6470003ECCF /* swapchain.cpp */ = {isa = PBXFileReference; lastKnownFileType = sourcecode.cpp.cpp; path = swapchain.cpp; sourceTree = "<group>"; };
		3786A1E52607A6470003ECCF /* swapchain.hpp */ = {isa = PBXFileReference; lastKnownFileType = sourcecode.cpp.h; path = swapchain.hpp; sourceTree = "<group>"; };
		3786A1E72607A6520003ECCF /* rendering.cpp */ = {isa = PBXFileReference; lastKnownFileType = sourcecode.cpp.cpp; path = rendering.cpp; sourceTree = "<group>"; };
		3786A1E82607A6520003ECCF /* rendering.hpp */ = {isa = PBXFileReference; lastKnownFileType = sourcecode.cpp.h; path = rendering.hpp; sourceTree = "<group>"; };
		3786A1EA2607AFB20003ECCF /* glm */ = {isa = PBXFileReference; lastKnownFileType = folder; path = glm; sourceTree = "<group>"; };
		3786A1EC260B6B9B0003ECCF /* stb_image.h */ = {isa = PBXFileReference; lastKnownFileType = sourcecode.c.h; path = stb_image.h; sourceTree = "<group>"; };
		3786A1ED260B6BD40003ECCF /* stb.c */ = {isa = PBXFileReference; lastKnownFileType = sourcecode.c.c; path = stb.c; sourceTree = "<group>"; };
		3786A1F6260BB7960003ECCF /* VulkanApp.app */ = {isa = PBXFileReference; explicitFileType = wrapper.application; includeInIndex = 0; path = VulkanApp.app; sourceTree = BUILT_PRODUCTS_DIR; };
		3786A203260BB7990003ECCF /* Info.plist */ = {isa = PBXFileReference; lastKnownFileType = text.plist.xml; path = Info.plist; sourceTree = "<group>"; };
		3786A206260BB7990003ECCF /* VulkanApp.entitlements */ = {isa = PBXFileReference; lastKnownFileType = text.plist.entitlements; path = VulkanApp.entitlements; sourceTree = "<group>"; };
		3786A245260BC6290003ECCF /* libVkLayer_khronos_validation.dylib */ = {isa = PBXFileReference; lastKnownFileType = "compiled.mach-o.dylib"; path = libVkLayer_khronos_validation.dylib; sourceTree = "<group>"; };
		3786A247260BCD300003ECCF /* Textures */ = {isa = PBXFileReference; lastKnownFileType = folder; path = Textures; sourceTree = "<group>"; };
		3786A24C260CEB750003ECCF /* google */ = {isa = PBXFileReference; lastKnownFileType = folder; path = google; sourceTree = "<group>"; };
		3786A24F260CEBD40003ECCF /* gltf.hpp */ = {isa = PBXFileReference; lastKnownFileType = sourcecode.cpp.h; path = gltf.hpp; sourceTree = "<group>"; };
		3786A251260CEBEF0003ECCF /* gltf.proto */ = {isa = PBXFileReference; lastKnownFileType = sourcecode.protobuf; path = gltf.proto; sourceTree = "<group>"; };
		3786A25A260CF2C70003ECCF /* libprotobuf.a */ = {isa = PBXFileReference; lastKnownFileType = archive.ar; path = libprotobuf.a; sourceTree = "<group>"; };
		3786A25C260CF39A0003ECCF /* models */ = {isa = PBXFileReference; lastKnownFileType = folder; path = models; sourceTree = "<group>"; };
		3788D0B02614C30C007D9E0F /* mikktspace.hpp */ = {isa = PBXFileReference; lastKnownFileType = sourcecode.cpp.h; path = mikktspace.hpp; sourceTree = "<group>"; };
		3788D0B12614C58F007D9E0F /* mikktspace.cpp */ = {isa = PBXFileReference; lastKnownFileType = sourcecode.cpp.cpp; path = mikktspace.cpp; sourceTree = "<group>"; };
		378E7E5426025F9A00013BD7 /* vulkan */ = {isa = PBXFileReference; lastKnownFileType = folder; path = vulkan; sourceTree = "<group>"; };
		37BC997D260D2253006CF9C6 /* gltf.cpp */ = {isa = PBXFileReference; fileEncoding = 4; lastKnownFileType = sourcecode.cpp.cpp; path = gltf.cpp; sourceTree = "<group>"; };
		37C4641625FFD9980018E3F8 /* main.cpp */ = {isa = PBXFileReference; lastKnownFileType = sourcecode.cpp.cpp; path = main.cpp; sourceTree = "<group>"; };
		37C4642025FFDB190018E3F8 /* libglfw3.a */ = {isa = PBXFileReference; lastKnownFileType = archive.ar; path = libglfw3.a; sourceTree = "<group>"; };
		37C4642325FFDB580018E3F8 /* GLFW */ = {isa = PBXFileReference; lastKnownFileType = folder; path = GLFW; sourceTree = "<group>"; };
		37C4642525FFDC270018E3F8 /* Cocoa.framework */ = {isa = PBXFileReference; lastKnownFileType = wrapper.framework; name = Cocoa.framework; path = System/Library/Frameworks/Cocoa.framework; sourceTree = SDKROOT; };
		37C4642725FFDC2F0018E3F8 /* IOKit.framework */ = {isa = PBXFileReference; lastKnownFileType = wrapper.framework; name = IOKit.framework; path = System/Library/Frameworks/IOKit.framework; sourceTree = SDKROOT; };
		37C4643A25FFE7E30018E3F8 /* libvulkan.1.2.170.dylib */ = {isa = PBXFileReference; lastKnownFileType = "compiled.mach-o.dylib"; path = libvulkan.1.2.170.dylib; sourceTree = "<group>"; };
		37C4643E25FFE8700018E3F8 /* libMoltenVK.dylib */ = {isa = PBXFileReference; lastKnownFileType = "compiled.mach-o.dylib"; path = libMoltenVK.dylib; sourceTree = "<group>"; };
		37C4644225FFE95E0018E3F8 /* vulkan */ = {isa = PBXFileReference; lastKnownFileType = folder; path = vulkan; sourceTree = "<group>"; };
		37C4644726013D550018E3F8 /* triangle.vert */ = {isa = PBXFileReference; lastKnownFileType = sourcecode.glsl; path = triangle.vert; sourceTree = "<group>"; };
		37C4644926013D880018E3F8 /* test.frag */ = {isa = PBXFileReference; lastKnownFileType = sourcecode.glsl; path = test.frag; sourceTree = "<group>"; };
		37EC2E222619F89E009DA14A /* drawdata.cpp */ = {isa = PBXFileReference; lastKnownFileType = sourcecode.cpp.cpp; path = drawdata.cpp; sourceTree = "<group>"; };
		37EC2E232619F89E009DA14A /* drawdata.hpp */ = {isa = PBXFileReference; lastKnownFileType = sourcecode.cpp.h; path = drawdata.hpp; sourceTree = "<group>"; };
/* End PBXFileReference section */

/* Begin PBXFrameworksBuildPhase section */
		3786A1F3260BB7960003ECCF /* Frameworks */ = {
			isa = PBXFrameworksBuildPhase;
			buildActionMask = 2147483647;
			files = (
				3786A23D260BC4F70003ECCF /* libvulkan.1.2.170.dylib in Frameworks */,
				3786A21E260BB8170003ECCF /* IOKit.framework in Frameworks */,
				3786A21D260BB8120003ECCF /* Cocoa.framework in Frameworks */,
				3786A25B260CF2C80003ECCF /* libprotobuf.a in Frameworks */,
				3786A221260BB8280003ECCF /* libglfw3.a in Frameworks */,
			);
			runOnlyForDeploymentPostprocessing = 0;
		};
/* End PBXFrameworksBuildPhase section */

/* Begin PBXGroup section */
		3786A1F7260BB7960003ECCF /* VulkanApp */ = {
			isa = PBXGroup;
			children = (
				3786A203260BB7990003ECCF /* Info.plist */,
				3786A206260BB7990003ECCF /* VulkanApp.entitlements */,
			);
			path = VulkanApp;
			sourceTree = "<group>";
		};
		37C4640A25FFD9980018E3F8 = {
			isa = PBXGroup;
			children = (
				37C4644125FFE92D0018E3F8 /* Resources */,
				37C4642225FFDB3C0018E3F8 /* Include */,
				37C4641F25FFDAFA0018E3F8 /* Lib */,
				37C4641525FFD9980018E3F8 /* VulkanFuntimes */,
				3786A1F7260BB7960003ECCF /* VulkanApp */,
				37C4641425FFD9980018E3F8 /* Products */,
				37C4642425FFDC270018E3F8 /* Frameworks */,
			);
			sourceTree = "<group>";
		};
		37C4641425FFD9980018E3F8 /* Products */ = {
			isa = PBXGroup;
			children = (
				3786A1F6260BB7960003ECCF /* VulkanApp.app */,
			);
			name = Products;
			sourceTree = "<group>";
		};
		37C4641525FFD9980018E3F8 /* VulkanFuntimes */ = {
			isa = PBXGroup;
			children = (
				37C4644626013D2E0018E3F8 /* Shaders */,
				37C4641625FFD9980018E3F8 /* main.cpp */,
				3786A1E02607A57B0003ECCF /* driver.cpp */,
				3786A1E12607A57B0003ECCF /* driver.hpp */,
				3786A1E32607A5D80003ECCF /* util.hpp */,
				3786A1E42607A6470003ECCF /* swapchain.cpp */,
				3786A1E52607A6470003ECCF /* swapchain.hpp */,
				3786A1E72607A6520003ECCF /* rendering.cpp */,
				3786A1E82607A6520003ECCF /* rendering.hpp */,
				3786A1ED260B6BD40003ECCF /* stb.c */,
				3786A24F260CEBD40003ECCF /* gltf.hpp */,
				37BC997D260D2253006CF9C6 /* gltf.cpp */,
				3786A251260CEBEF0003ECCF /* gltf.proto */,
				3788D0B02614C30C007D9E0F /* mikktspace.hpp */,
				3788D0B12614C58F007D9E0F /* mikktspace.cpp */,
				37EC2E222619F89E009DA14A /* drawdata.cpp */,
				37EC2E232619F89E009DA14A /* drawdata.hpp */,
			);
			path = VulkanFuntimes;
			sourceTree = "<group>";
		};
		37C4641F25FFDAFA0018E3F8 /* Lib */ = {
			isa = PBXGroup;
			children = (
				3786A25A260CF2C70003ECCF /* libprotobuf.a */,
				3786A245260BC6290003ECCF /* libVkLayer_khronos_validation.dylib */,
				37C4643A25FFE7E30018E3F8 /* libvulkan.1.2.170.dylib */,
				37C4643E25FFE8700018E3F8 /* libMoltenVK.dylib */,
				37C4642025FFDB190018E3F8 /* libglfw3.a */,
			);
			path = Lib;
			sourceTree = "<group>";
		};
		37C4642225FFDB3C0018E3F8 /* Include */ = {
			isa = PBXGroup;
			children = (
				3786A24C260CEB750003ECCF /* google */,
				3786A1EC260B6B9B0003ECCF /* stb_image.h */,
				3786A1EA2607AFB20003ECCF /* glm */,
				378E7E5426025F9A00013BD7 /* vulkan */,
				37C4642325FFDB580018E3F8 /* GLFW */,
			);
			path = Include;
			sourceTree = "<group>";
		};
		37C4642425FFDC270018E3F8 /* Frameworks */ = {
			isa = PBXGroup;
			children = (
				37C4642725FFDC2F0018E3F8 /* IOKit.framework */,
				37C4642525FFDC270018E3F8 /* Cocoa.framework */,
			);
			name = Frameworks;
			sourceTree = "<group>";
		};
		37C4644125FFE92D0018E3F8 /* Resources */ = {
			isa = PBXGroup;
			children = (
				3786A25C260CF39A0003ECCF /* models */,
				3786A247260BCD300003ECCF /* Textures */,
				37C4644225FFE95E0018E3F8 /* vulkan */,
			);
			path = Resources;
			sourceTree = "<group>";
		};
		37C4644626013D2E0018E3F8 /* Shaders */ = {
			isa = PBXGroup;
			children = (
				37C4644726013D550018E3F8 /* triangle.vert */,
				37C4644926013D880018E3F8 /* test.frag */,
			);
			path = Shaders;
			sourceTree = "<group>";
		};
/* End PBXGroup section */

/* Begin PBXNativeTarget section */
		3786A1F5260BB7960003ECCF /* VulkanApp */ = {
			isa = PBXNativeTarget;
			buildConfigurationList = 3786A207260BB7990003ECCF /* Build configuration list for PBXNativeTarget "VulkanApp" */;
			buildPhases = (
				3786A1F2260BB7960003ECCF /* Sources */,
				3786A1F3260BB7960003ECCF /* Frameworks */,
				3786A1F4260BB7960003ECCF /* Resources */,
				3786A23F260BC50B0003ECCF /* Embed Libraries */,
			);
			buildRules = (
				3786A255260CED870003ECCF /* PBXBuildRule */,
				3786A227260BB8520003ECCF /* PBXBuildRule */,
			);
			dependencies = (
			);
			name = VulkanApp;
			productName = VulkanApp;
			productReference = 3786A1F6260BB7960003ECCF /* VulkanApp.app */;
			productType = "com.apple.product-type.application";
		};
/* End PBXNativeTarget section */

/* Begin PBXProject section */
		37C4640B25FFD9980018E3F8 /* Project object */ = {
			isa = PBXProject;
			attributes = {
				LastUpgradeCheck = 1240;
				TargetAttributes = {
					3786A1F5260BB7960003ECCF = {
						CreatedOnToolsVersion = 12.4;
					};
				};
			};
			buildConfigurationList = 37C4640E25FFD9980018E3F8 /* Build configuration list for PBXProject "VulkanFuntimes" */;
			compatibilityVersion = "Xcode 9.3";
			developmentRegion = en;
			hasScannedForEncodings = 0;
			knownRegions = (
				en,
				Base,
			);
			mainGroup = 37C4640A25FFD9980018E3F8;
			productRefGroup = 37C4641425FFD9980018E3F8 /* Products */;
			projectDirPath = "";
			projectRoot = "";
			targets = (
				3786A1F5260BB7960003ECCF /* VulkanApp */,
			);
		};
/* End PBXProject section */

/* Begin PBXResourcesBuildPhase section */
		3786A1F4260BB7960003ECCF /* Resources */ = {
			isa = PBXResourcesBuildPhase;
			buildActionMask = 2147483647;
			files = (
				3786A248260BCD300003ECCF /* Textures in Resources */,
				3786A23B260BC4F20003ECCF /* vulkan in Resources */,
				3786A25D260CF39A0003ECCF /* models in Resources */,
			);
			runOnlyForDeploymentPostprocessing = 0;
		};
/* End PBXResourcesBuildPhase section */

/* Begin PBXSourcesBuildPhase section */
		3786A1F2260BB7960003ECCF /* Sources */ = {
			isa = PBXSourcesBuildPhase;
			buildActionMask = 2147483647;
			files = (
				3786A256260CEEEA0003ECCF /* gltf.proto in Sources */,
				3786A211260BB8040003ECCF /* triangle.vert in Sources */,
				3786A212260BB8040003ECCF /* test.frag in Sources */,
				3786A213260BB8040003ECCF /* main.cpp in Sources */,
				37EC2E262619FA36009DA14A /* driver.cpp in Sources */,
				37BC997E260D2253006CF9C6 /* gltf.cpp in Sources */,
				3786A217260BB8040003ECCF /* swapchain.cpp in Sources */,
				3786A219260BB8040003ECCF /* rendering.cpp in Sources */,
				37EC2E252619F9C4009DA14A /* drawdata.cpp in Sources */,
				3788D0B32614C654007D9E0F /* mikktspace.cpp in Sources */,
				3786A21B260BB8040003ECCF /* stb.c in Sources */,
			);
			runOnlyForDeploymentPostprocessing = 0;
		};
/* End PBXSourcesBuildPhase section */

/* Begin XCBuildConfiguration section */
		3786A208260BB7990003ECCF /* Debug */ = {
			isa = XCBuildConfiguration;
			buildSettings = {
				ASSETCATALOG_COMPILER_APPICON_NAME = AppIcon;
				ASSETCATALOG_COMPILER_GLOBAL_ACCENT_COLOR_NAME = AccentColor;
				CLANG_WARN_DOCUMENTATION_COMMENTS = NO;
				CODE_SIGN_ENTITLEMENTS = VulkanApp/VulkanApp.entitlements;
				CODE_SIGN_STYLE = Automatic;
				COMBINE_HIDPI_IMAGES = YES;
				FRAMEWORK_SEARCH_PATHS = (
					"$(inherited)",
					"$(PROJECT_DIR)/Lib",
				);
				INFOPLIST_FILE = VulkanApp/Info.plist;
				LD_RUNPATH_SEARCH_PATHS = (
					"$(inherited)",
					"@executable_path/../Frameworks",
				);
				LIBRARY_SEARCH_PATHS = (
					"$(inherited)",
					"$(PROJECT_DIR)/Lib",
				);
				PRODUCT_BUNDLE_IDENTIFIER = dk.VulkanApp;
				PRODUCT_NAME = "$(TARGET_NAME)";
			};
			name = Debug;
		};
		3786A209260BB7990003ECCF /* Release */ = {
			isa = XCBuildConfiguration;
			buildSettings = {
				ASSETCATALOG_COMPILER_APPICON_NAME = AppIcon;
				ASSETCATALOG_COMPILER_GLOBAL_ACCENT_COLOR_NAME = AccentColor;
				CLANG_WARN_DOCUMENTATION_COMMENTS = NO;
				CODE_SIGN_ENTITLEMENTS = VulkanApp/VulkanApp.entitlements;
				CODE_SIGN_STYLE = Automatic;
				COMBINE_HIDPI_IMAGES = YES;
				FRAMEWORK_SEARCH_PATHS = (
					"$(inherited)",
					"$(PROJECT_DIR)/Lib",
				);
				INFOPLIST_FILE = VulkanApp/Info.plist;
				LD_RUNPATH_SEARCH_PATHS = (
					"$(inherited)",
					"@executable_path/../Frameworks",
				);
				LIBRARY_SEARCH_PATHS = (
					"$(inherited)",
					"$(PROJECT_DIR)/Lib",
				);
				PRODUCT_BUNDLE_IDENTIFIER = dk.VulkanApp;
				PRODUCT_NAME = "$(TARGET_NAME)";
			};
			name = Release;
		};
		37C4641825FFD9980018E3F8 /* Debug */ = {
			isa = XCBuildConfiguration;
			buildSettings = {
				ALWAYS_SEARCH_USER_PATHS = NO;
				CLANG_ANALYZER_NONNULL = YES;
				CLANG_ANALYZER_NUMBER_OBJECT_CONVERSION = YES_AGGRESSIVE;
				CLANG_CXX_LANGUAGE_STANDARD = "c++17";
				CLANG_CXX_LIBRARY = "libc++";
				CLANG_ENABLE_MODULES = YES;
				CLANG_ENABLE_OBJC_ARC = YES;
				CLANG_ENABLE_OBJC_WEAK = YES;
				CLANG_WARN_BLOCK_CAPTURE_AUTORELEASING = YES;
				CLANG_WARN_BOOL_CONVERSION = YES;
				CLANG_WARN_COMMA = YES;
				CLANG_WARN_CONSTANT_CONVERSION = YES;
				CLANG_WARN_DEPRECATED_OBJC_IMPLEMENTATIONS = YES;
				CLANG_WARN_DIRECT_OBJC_ISA_USAGE = YES_ERROR;
				CLANG_WARN_DOCUMENTATION_COMMENTS = NO;
				CLANG_WARN_EMPTY_BODY = YES;
				CLANG_WARN_ENUM_CONVERSION = YES;
				CLANG_WARN_INFINITE_RECURSION = YES;
				CLANG_WARN_INT_CONVERSION = YES;
				CLANG_WARN_NON_LITERAL_NULL_CONVERSION = YES;
				CLANG_WARN_OBJC_IMPLICIT_RETAIN_SELF = YES;
				CLANG_WARN_OBJC_LITERAL_CONVERSION = YES;
				CLANG_WARN_OBJC_ROOT_CLASS = YES_ERROR;
				CLANG_WARN_QUOTED_INCLUDE_IN_FRAMEWORK_HEADER = YES;
				CLANG_WARN_RANGE_LOOP_ANALYSIS = YES;
				CLANG_WARN_STRICT_PROTOTYPES = YES;
				CLANG_WARN_SUSPICIOUS_MOVE = YES;
				CLANG_WARN_UNGUARDED_AVAILABILITY = YES_AGGRESSIVE;
				CLANG_WARN_UNREACHABLE_CODE = YES;
				CLANG_WARN__DUPLICATE_METHOD_MATCH = YES;
				COPY_PHASE_STRIP = NO;
				DEBUG_INFORMATION_FORMAT = dwarf;
				ENABLE_STRICT_OBJC_MSGSEND = YES;
				ENABLE_TESTABILITY = YES;
				GCC_C_LANGUAGE_STANDARD = gnu11;
				GCC_DYNAMIC_NO_PIC = NO;
				GCC_NO_COMMON_BLOCKS = YES;
				GCC_OPTIMIZATION_LEVEL = 0;
				GCC_PREPROCESSOR_DEFINITIONS = (
					"DEBUG=1",
					"$(inherited)",
				);
				GCC_WARN_64_TO_32_BIT_CONVERSION = YES;
				GCC_WARN_ABOUT_RETURN_TYPE = YES_ERROR;
				GCC_WARN_UNDECLARED_SELECTOR = YES;
				GCC_WARN_UNINITIALIZED_AUTOS = YES_AGGRESSIVE;
				GCC_WARN_UNUSED_FUNCTION = YES;
				GCC_WARN_UNUSED_VARIABLE = YES;
				HEADER_SEARCH_PATHS = "$(PROJECT_DIR)/Include";
				MACOSX_DEPLOYMENT_TARGET = 11.1;
				MTL_ENABLE_DEBUG_INFO = INCLUDE_SOURCE;
				MTL_FAST_MATH = YES;
				ONLY_ACTIVE_ARCH = YES;
				SDKROOT = macosx;
				SYSTEM_HEADER_SEARCH_PATHS = "$(PROJECT_DIR)/Include";
			};
			name = Debug;
		};
		37C4641925FFD9980018E3F8 /* Release */ = {
			isa = XCBuildConfiguration;
			buildSettings = {
				ALWAYS_SEARCH_USER_PATHS = NO;
				CLANG_ANALYZER_NONNULL = YES;
				CLANG_ANALYZER_NUMBER_OBJECT_CONVERSION = YES_AGGRESSIVE;
				CLANG_CXX_LANGUAGE_STANDARD = "c++17";
				CLANG_CXX_LIBRARY = "libc++";
				CLANG_ENABLE_MODULES = YES;
				CLANG_ENABLE_OBJC_ARC = YES;
				CLANG_ENABLE_OBJC_WEAK = YES;
				CLANG_WARN_BLOCK_CAPTURE_AUTORELEASING = YES;
				CLANG_WARN_BOOL_CONVERSION = YES;
				CLANG_WARN_COMMA = YES;
				CLANG_WARN_CONSTANT_CONVERSION = YES;
				CLANG_WARN_DEPRECATED_OBJC_IMPLEMENTATIONS = YES;
				CLANG_WARN_DIRECT_OBJC_ISA_USAGE = YES_ERROR;
				CLANG_WARN_DOCUMENTATION_COMMENTS = NO;
				CLANG_WARN_EMPTY_BODY = YES;
				CLANG_WARN_ENUM_CONVERSION = YES;
				CLANG_WARN_INFINITE_RECURSION = YES;
				CLANG_WARN_INT_CONVERSION = YES;
				CLANG_WARN_NON_LITERAL_NULL_CONVERSION = YES;
				CLANG_WARN_OBJC_IMPLICIT_RETAIN_SELF = YES;
				CLANG_WARN_OBJC_LITERAL_CONVERSION = YES;
				CLANG_WARN_OBJC_ROOT_CLASS = YES_ERROR;
				CLANG_WARN_QUOTED_INCLUDE_IN_FRAMEWORK_HEADER = YES;
				CLANG_WARN_RANGE_LOOP_ANALYSIS = YES;
				CLANG_WARN_STRICT_PROTOTYPES = YES;
				CLANG_WARN_SUSPICIOUS_MOVE = YES;
				CLANG_WARN_UNGUARDED_AVAILABILITY = YES_AGGRESSIVE;
				CLANG_WARN_UNREACHABLE_CODE = YES;
				CLANG_WARN__DUPLICATE_METHOD_MATCH = YES;
				COPY_PHASE_STRIP = NO;
				DEBUG_INFORMATION_FORMAT = "dwarf-with-dsym";
				ENABLE_NS_ASSERTIONS = NO;
				ENABLE_STRICT_OBJC_MSGSEND = YES;
				GCC_C_LANGUAGE_STANDARD = gnu11;
				GCC_NO_COMMON_BLOCKS = YES;
				GCC_WARN_64_TO_32_BIT_CONVERSION = YES;
				GCC_WARN_ABOUT_RETURN_TYPE = YES_ERROR;
				GCC_WARN_UNDECLARED_SELECTOR = YES;
				GCC_WARN_UNINITIALIZED_AUTOS = YES_AGGRESSIVE;
				GCC_WARN_UNUSED_FUNCTION = YES;
				GCC_WARN_UNUSED_VARIABLE = YES;
				HEADER_SEARCH_PATHS = "$(PROJECT_DIR)/Include";
				MACOSX_DEPLOYMENT_TARGET = 11.1;
				MTL_ENABLE_DEBUG_INFO = NO;
				MTL_FAST_MATH = YES;
				ONLY_ACTIVE_ARCH = YES;
				SDKROOT = macosx;
				SYSTEM_HEADER_SEARCH_PATHS = "$(PROJECT_DIR)/Include";
			};
			name = Release;
		};
/* End XCBuildConfiguration section */

/* Begin XCConfigurationList section */
		3786A207260BB7990003ECCF /* Build configuration list for PBXNativeTarget "VulkanApp" */ = {
			isa = XCConfigurationList;
			buildConfigurations = (
				3786A208260BB7990003ECCF /* Debug */,
				3786A209260BB7990003ECCF /* Release */,
			);
			defaultConfigurationIsVisible = 0;
			defaultConfigurationName = Release;
		};
		37C4640E25FFD9980018E3F8 /* Build configuration list for PBXProject "VulkanFuntimes" */ = {
			isa = XCConfigurationList;
			buildConfigurations = (
				37C4641825FFD9980018E3F8 /* Debug */,
				37C4641925FFD9980018E3F8 /* Release */,
			);
			defaultConfigurationIsVisible = 0;
			defaultConfigurationName = Release;
		};
/* End XCConfigurationList section */
	};
	rootObject = 37C4640B25FFD9980018E3F8 /* Project object */;
}
